
Microsoft Visual Studio Solution File, Format Version 12.00
# Visual Studio 15
VisualStudioVersion = 15.0.28010.2046
MinimumVisualStudioVersion = 10.0.40219.1
Project("{FAE04EC0-301F-11D3-BF4B-00C04F79EFBC}") = "Finance", "Finance\Finance.csproj", "{F638FEF2-7A60-4299-9B51-CD76F538CA4B}"
EndProject
Global
	GlobalSection(SolutionConfigurationPlatforms) = preSolution
		Debug|Any CPU = Debug|Any CPU
		Release|Any CPU = Release|Any CPU
	EndGlobalSection
	GlobalSection(ProjectConfigurationPlatforms) = postSolution
		{F638FEF2-7A60-4299-9B51-CD76F538CA4B}.Debug|Any CPU.ActiveCfg = Debug|Any CPU
		{F638FEF2-7A60-4299-9B51-CD76F538CA4B}.Debug|Any CPU.Build.0 = Debug|Any CPU
		{F638FEF2-7A60-4299-9B51-CD76F538CA4B}.Release|Any CPU.ActiveCfg = Release|Any CPU
		{F638FEF2-7A60-4299-9B51-CD76F538CA4B}.Release|Any CPU.Build.0 = Release|Any CPU
	EndGlobalSection
	GlobalSection(SolutionProperties) = preSolution
		HideSolutionNode = FALSE
	EndGlobalSection
	GlobalSection(ExtensibilityGlobals) = postSolution
		SolutionGuid = {88CC77BB-E291-4EC4-A047-686D565835ED}
	EndGlobalSection
EndGlobal
